<?xml version="1.0" encoding="utf-8"?>
<Project ToolsVersion="4.0" xmlns="http://schemas.microsoft.com/developer/msbuild/2003">
  <ItemGroup>
    <Filter Include="Source Files">
      <UniqueIdentifier>{4FC737F1-C7A5-4376-A066-2A32D752A2FF}</UniqueIdentifier>
      <Extensions>cpp;c;cc;cxx;def;odl;idl;hpj;bat;asm;asmx</Extensions>
    </Filter>
    <Filter Include="Header Files">
      <UniqueIdentifier>{93995380-89BD-4b04-88EB-625FBE52EBFB}</UniqueIdentifier>
      <Extensions>h;hh;hpp;hxx;hm;inl;inc;xsd</Extensions>
    </Filter>
    <Filter Include="Resource Files">
      <UniqueIdentifier>{67DA6AB6-F800-4c08-8B7A-83BB121AAD01}</UniqueIdentifier>
      <Extensions>rc;ico;cur;bmp;dlg;rc2;rct;bin;rgs;gif;jpg;jpeg;jpe;resx;tiff;tif;png;wav;mfcribbon-ms</Extensions>
    </Filter>
    <Filter Include="Header Files\Project">
      <UniqueIdentifier>{74a8db51-5ada-49f9-9922-340a64356a28}</UniqueIdentifier>
    </Filter>
    <Filter Include="Source Files\Project">
      <UniqueIdentifier>{69ee5a4b-369a-4e58-992c-43c0f95b8d76}</UniqueIdentifier>
    </Filter>
    <Filter Include="Header Files\Plugins">
      <UniqueIdentifier>{fab6c87e-75f4-4cb2-a540-a003caad3c5b}</UniqueIdentifier>
    </Filter>
    <Filter Include="Source Files\Plugins">
      <UniqueIdentifier>{4cd6aa12-f462-4808-bdbc-9a3620ab14fd}</UniqueIdentifier>
    </Filter>
    <Filter Include="Header Files\Internal">
      <UniqueIdentifier>{69b6de73-bff4-4b62-97eb-883b8730cef9}</UniqueIdentifier>
    </Filter>
    <Filter Include="Header Files\Internal\Project">
      <UniqueIdentifier>{5076e074-f001-4629-a32b-1fb67773d693}</UniqueIdentifier>
    </Filter>
    <Filter Include="Header Files\Widgets">
      <UniqueIdentifier>{cd03e615-d0dd-4103-a1e6-d76f6e80488c}</UniqueIdentifier>
    </Filter>
    <Filter Include="Source Files\Widgets">
      <UniqueIdentifier>{d2bb96b2-c29a-4a04-9557-e34c1d7438bb}</UniqueIdentifier>
    </Filter>
    <Filter Include="Generated Files">
      <UniqueIdentifier>{5a36091b-2bff-48fe-9838-50627528dd8a}</UniqueIdentifier>
    </Filter>
    <Filter Include="Generated Files\moc">
      <UniqueIdentifier>{e37021fc-3a3b-43a1-b0a1-903abc1dcc1b}</UniqueIdentifier>
    </Filter>
    <Filter Include="Generated Files\moc\Widgets">
      <UniqueIdentifier>{d43c222a-f502-4a3f-b584-e5f72f8d01dc}</UniqueIdentifier>
    </Filter>
  </ItemGroup>
  <ItemGroup>
    <ClInclude Include="..\..\include\SDK\Config.h">
      <Filter>Header Files</Filter>
    </ClInclude>
    <ClInclude Include="..\..\include\SDK\Plugins\Plugin.h">
      <Filter>Header Files\Plugins</Filter>
    </ClInclude>
    <ClInclude Include="..\..\include\SDK\Plugins\ProjectPlugin.h">
      <Filter>Header Files\Plugins</Filter>
    </ClInclude>
    <ClInclude Include="..\..\include\SDK\Project\Project.h">
      <Filter>Header Files\Project</Filter>
    </ClInclude>
    <ClInclude Include="..\..\include\SDK\Internal\Project\ProjectPrivate.h">
      <Filter>Header Files\Internal\Project</Filter>
    </ClInclude>
    <ClInclude Include="..\..\include\SDK\Project\LocalProject.h">
      <Filter>Header Files\Project</Filter>
    </ClInclude>
    <ClInclude Include="..\..\include\SDK\Plugins\LocalProjectPlugin.h">
      <Filter>Header Files\Plugins</Filter>
    </ClInclude>
    <ClInclude Include="..\..\include\SDK\Widgets\QColorEdit.qt.h">
      <Filter>Header Files\Widgets</Filter>
    </ClInclude>
    <ClInclude Include="..\..\include\SDK\Widgets\QFloatEdit.qt.h">
      <Filter>Header Files\Widgets</Filter>
    </ClInclude>
    <ClInclude Include="..\..\include\SDK\Widgets\QFloatValidator.h">
      <Filter>Header Files\Widgets</Filter>
    </ClInclude>
  </ItemGroup>
  <ItemGroup>
    <ClCompile Include="..\..\src\SDK\Plugins\Plugin.cpp">
      <Filter>Source Files\Plugins</Filter>
    </ClCompile>
    <ClCompile Include="..\..\src\SDK\Plugins\ProjectPlugin.cpp">
      <Filter>Source Files\Plugins</Filter>
    </ClCompile>
    <ClCompile Include="..\..\src\SDK\Project\Project.cpp">
      <Filter>Source Files\Project</Filter>
    </ClCompile>
    <ClCompile Include="..\..\src\SDK\Project\LocalProject.cpp">
      <Filter>Source Files\Project</Filter>
    </ClCompile>
    <ClCompile Include="..\..\src\SDK\Plugins\LocalProjectPlugin.cpp">
      <Filter>Source Files\Plugins</Filter>
    </ClCompile>
    <ClCompile Include="..\..\src\SDK\Widgets\QColorEdit.cpp">
      <Filter>Source Files\Widgets</Filter>
    </ClCompile>
    <ClCompile Include="..\..\src\SDK\Widgets\QFloatEdit.cpp">
      <Filter>Source Files\Widgets</Filter>
    </ClCompile>
    <ClCompile Include="..\..\src\SDK\Widgets\QFloatValidator.cpp">
      <Filter>Source Files\Widgets</Filter>
    </ClCompile>
    <ClCompile Include="moc\Widgets\moc_QColorEdit.qt.cxx">
      <Filter>Generated Files\moc\Widgets</Filter>
    </ClCompile>
    <ClCompile Include="moc\Widgets\moc_QFloatEdit.qt.cxx">
      <Filter>Generated Files\moc\Widgets</Filter>
    </ClCompile>
  </ItemGroup>
</Project>