
Microsoft Visual Studio Solution File, Format Version 12.00
# Visual Studio Version 17
VisualStudioVersion = 17.4.33205.214
MinimumVisualStudioVersion = 10.0.40219.1
Project("{8BC9CEB8-8B4A-11D0-8D11-00A0C91BC942}") = "GPU", "GPU\GPU.vcxproj", "{5535E022-3B76-4077-8E27-A637DECE19B6}"
EndProject
Project("{2150E333-8FDC-42A3-9474-1A3956D46DE8}") = "Apps", "Apps", "{14F47720-E8D4-496B-8E11-88D8071428C0}"
EndProject
Project("{8BC9CEB8-8B4A-11D0-8D11-00A0C91BC942}") = "Engine", "Engine\Engine.vcxproj", "{B91D3A2D-0E97-4441-BF25-1FDCCABEAB66}"
	ProjectSection(ProjectDependencies) = postProject
		{5535E022-3B76-4077-8E27-A637DECE19B6} = {5535E022-3B76-4077-8E27-A637DECE19B6}
	EndProjectSection
EndProject
Project("{8BC9CEB8-8B4A-11D0-8D11-00A0C91BC942}") = "SimpleTriangle", "Apps\SimpleTriangle\SimpleTriangle.vcxproj", "{7B98D68C-DF08-4548-BB01-2ECBD984CAE5}"
EndProject
Project("{8BC9CEB8-8B4A-11D0-8D11-00A0C91BC942}") = "AppsCommon", "AppsCommon\AppsCommon.vcxproj", "{777BA9A7-027E-4E8D-876C-13810B1654E6}"
EndProject
Project("{2150E333-8FDC-42A3-9474-1A3956D46DE8}") = "Tools", "Tools", "{7EDA3C03-AFF1-4A4E-A60D-262633D125A9}"
EndProject
Project("{8BC9CEB8-8B4A-11D0-8D11-00A0C91BC942}") = "Editor", "Editor\Editor.vcxproj", "{1B3E715B-0CA0-4198-9704-B4B99D177098}"
EndProject
Project("{8BC9CEB8-8B4A-11D0-8D11-00A0C91BC942}") = "SDK", "SDK\SDK.vcxproj", "{23AA1CE0-28E5-4DBC-A239-520A2E6AB4DC}"
EndProject
Project("{2150E333-8FDC-42A3-9474-1A3956D46DE8}") = "External Code", "External Code", "{1CC08A73-CD57-4CFE-A6C1-D45336176DBB}"
EndProject
Global
	GlobalSection(SolutionConfigurationPlatforms) = preSolution
		Debug Development|x64 = Debug Development|x64
		Debug Development|x86 = Debug Development|x86
		Debug|x64 = Debug|x64
		Debug|x86 = Debug|x86
		Release Development|x64 = Release Development|x64
		Release Development|x86 = Release Development|x86
		Release|x64 = Release|x64
		Release|x86 = Release|x86
	EndGlobalSection
	GlobalSection(ProjectConfigurationPlatforms) = postSolution
		{5535E022-3B76-4077-8E27-A637DECE19B6}.Debug Development|x64.ActiveCfg = Debug Development|x64
		{5535E022-3B76-4077-8E27-A637DECE19B6}.Debug Development|x64.Build.0 = Debug Development|x64
		{5535E022-3B76-4077-8E27-A637DECE19B6}.Debug Development|x86.ActiveCfg = Debug Development|x64
		{5535E022-3B76-4077-8E27-A637DECE19B6}.Debug|x64.ActiveCfg = Debug Development|x64
		{5535E022-3B76-4077-8E27-A637DECE19B6}.Debug|x64.Build.0 = Debug Development|x64
		{5535E022-3B76-4077-8E27-A637DECE19B6}.Debug|x86.ActiveCfg = Release Development|x64
		{5535E022-3B76-4077-8E27-A637DECE19B6}.Debug|x86.Build.0 = Release Development|x64
		{5535E022-3B76-4077-8E27-A637DECE19B6}.Release Development|x64.ActiveCfg = Release Development|x64
		{5535E022-3B76-4077-8E27-A637DECE19B6}.Release Development|x64.Build.0 = Release Development|x64
		{5535E022-3B76-4077-8E27-A637DECE19B6}.Release Development|x86.ActiveCfg = Release Development|x64
		{5535E022-3B76-4077-8E27-A637DECE19B6}.Release|x64.ActiveCfg = Release Development|x64
		{5535E022-3B76-4077-8E27-A637DECE19B6}.Release|x64.Build.0 = Release Development|x64
		{5535E022-3B76-4077-8E27-A637DECE19B6}.Release|x86.ActiveCfg = Release Development|x64
		{5535E022-3B76-4077-8E27-A637DECE19B6}.Release|x86.Build.0 = Release Development|x64
		{B91D3A2D-0E97-4441-BF25-1FDCCABEAB66}.Debug Development|x64.ActiveCfg = Debug Development|x64
		{B91D3A2D-0E97-4441-BF25-1FDCCABEAB66}.Debug Development|x64.Build.0 = Debug Development|x64
		{B91D3A2D-0E97-4441-BF25-1FDCCABEAB66}.Debug Development|x86.ActiveCfg = Debug Development|x64
		{B91D3A2D-0E97-4441-BF25-1FDCCABEAB66}.Debug|x64.ActiveCfg = Debug Development|x64
		{B91D3A2D-0E97-4441-BF25-1FDCCABEAB66}.Debug|x64.Build.0 = Debug Development|x64
		{B91D3A2D-0E97-4441-BF25-1FDCCABEAB66}.Debug|x86.ActiveCfg = Release Development|x64
		{B91D3A2D-0E97-4441-BF25-1FDCCABEAB66}.Debug|x86.Build.0 = Release Development|x64
		{B91D3A2D-0E97-4441-BF25-1FDCCABEAB66}.Debug|x86.Deploy.0 = Release Development|x64
		{B91D3A2D-0E97-4441-BF25-1FDCCABEAB66}.Release Development|x64.ActiveCfg = Release Development|x64
		{B91D3A2D-0E97-4441-BF25-1FDCCABEAB66}.Release Development|x64.Build.0 = Release Development|x64
		{B91D3A2D-0E97-4441-BF25-1FDCCABEAB66}.Release Development|x86.ActiveCfg = Release Development|x64
		{B91D3A2D-0E97-4441-BF25-1FDCCABEAB66}.Release|x64.ActiveCfg = Release Development|x64
		{B91D3A2D-0E97-4441-BF25-1FDCCABEAB66}.Release|x64.Build.0 = Release Development|x64
		{B91D3A2D-0E97-4441-BF25-1FDCCABEAB66}.Release|x86.ActiveCfg = Release Development|x64
		{B91D3A2D-0E97-4441-BF25-1FDCCABEAB66}.Release|x86.Build.0 = Release Development|x64
		{B91D3A2D-0E97-4441-BF25-1FDCCABEAB66}.Release|x86.Deploy.0 = Release Development|x64
		{7B98D68C-DF08-4548-BB01-2ECBD984CAE5}.Debug Development|x64.ActiveCfg = Debug Development|x64
		{7B98D68C-DF08-4548-BB01-2ECBD984CAE5}.Debug Development|x64.Build.0 = Debug Development|x64
		{7B98D68C-DF08-4548-BB01-2ECBD984CAE5}.Debug Development|x86.ActiveCfg = Debug Development|x64
		{7B98D68C-DF08-4548-BB01-2ECBD984CAE5}.Debug|x64.ActiveCfg = Debug Development|x64
		{7B98D68C-DF08-4548-BB01-2ECBD984CAE5}.Debug|x64.Build.0 = Debug Development|x64
		{7B98D68C-DF08-4548-BB01-2ECBD984CAE5}.Debug|x64.Deploy.0 = Debug Development|x64
		{7B98D68C-DF08-4548-BB01-2ECBD984CAE5}.Debug|x86.ActiveCfg = Release Development|x64
		{7B98D68C-DF08-4548-BB01-2ECBD984CAE5}.Debug|x86.Build.0 = Release Development|x64
		{7B98D68C-DF08-4548-BB01-2ECBD984CAE5}.Debug|x86.Deploy.0 = Release Development|x64
		{7B98D68C-DF08-4548-BB01-2ECBD984CAE5}.Release Development|x64.ActiveCfg = Release Development|x64
		{7B98D68C-DF08-4548-BB01-2ECBD984CAE5}.Release Development|x64.Build.0 = Release Development|x64
		{7B98D68C-DF08-4548-BB01-2ECBD984CAE5}.Release Development|x86.ActiveCfg = Release Development|x64
		{7B98D68C-DF08-4548-BB01-2ECBD984CAE5}.Release|x64.ActiveCfg = Release Development|x64
		{7B98D68C-DF08-4548-BB01-2ECBD984CAE5}.Release|x64.Build.0 = Release Development|x64
		{7B98D68C-DF08-4548-BB01-2ECBD984CAE5}.Release|x64.Deploy.0 = Release Development|x64
		{7B98D68C-DF08-4548-BB01-2ECBD984CAE5}.Release|x86.ActiveCfg = Release Development|x64
		{7B98D68C-DF08-4548-BB01-2ECBD984CAE5}.Release|x86.Build.0 = Release Development|x64
		{7B98D68C-DF08-4548-BB01-2ECBD984CAE5}.Release|x86.Deploy.0 = Release Development|x64
		{777BA9A7-027E-4E8D-876C-13810B1654E6}.Debug Development|x64.ActiveCfg = Debug Development|x64
		{777BA9A7-027E-4E8D-876C-13810B1654E6}.Debug Development|x64.Build.0 = Debug Development|x64
		{777BA9A7-027E-4E8D-876C-13810B1654E6}.Debug Development|x86.ActiveCfg = Debug Development|x64
		{777BA9A7-027E-4E8D-876C-13810B1654E6}.Debug|x64.ActiveCfg = Debug Development|x64
		{777BA9A7-027E-4E8D-876C-13810B1654E6}.Debug|x64.Build.0 = Debug Development|x64
		{777BA9A7-027E-4E8D-876C-13810B1654E6}.Debug|x86.ActiveCfg = Release Development|x64
		{777BA9A7-027E-4E8D-876C-13810B1654E6}.Debug|x86.Build.0 = Release Development|x64
		{777BA9A7-027E-4E8D-876C-13810B1654E6}.Debug|x86.Deploy.0 = Release Development|x64
		{777BA9A7-027E-4E8D-876C-13810B1654E6}.Release Development|x64.ActiveCfg = Release Development|x64
		{777BA9A7-027E-4E8D-876C-13810B1654E6}.Release Development|x64.Build.0 = Release Development|x64
		{777BA9A7-027E-4E8D-876C-13810B1654E6}.Release Development|x86.ActiveCfg = Release Development|x64
		{777BA9A7-027E-4E8D-876C-13810B1654E6}.Release|x64.ActiveCfg = Release Development|x64
		{777BA9A7-027E-4E8D-876C-13810B1654E6}.Release|x64.Build.0 = Release Development|x64
		{777BA9A7-027E-4E8D-876C-13810B1654E6}.Release|x86.ActiveCfg = Release Development|x64
		{777BA9A7-027E-4E8D-876C-13810B1654E6}.Release|x86.Build.0 = Release Development|x64
		{777BA9A7-027E-4E8D-876C-13810B1654E6}.Release|x86.Deploy.0 = Release Development|x64
		{1B3E715B-0CA0-4198-9704-B4B99D177098}.Debug Development|x64.ActiveCfg = Debug Development|x64
		{1B3E715B-0CA0-4198-9704-B4B99D177098}.Debug Development|x64.Build.0 = Debug Development|x64
		{1B3E715B-0CA0-4198-9704-B4B99D177098}.Debug Development|x86.ActiveCfg = Debug Development|x64
		{1B3E715B-0CA0-4198-9704-B4B99D177098}.Debug|x64.ActiveCfg = Debug Development|x64
		{1B3E715B-0CA0-4198-9704-B4B99D177098}.Debug|x64.Build.0 = Debug Development|x64
		{1B3E715B-0CA0-4198-9704-B4B99D177098}.Debug|x64.Deploy.0 = Debug Development|x64
		{1B3E715B-0CA0-4198-9704-B4B99D177098}.Debug|x86.ActiveCfg = Release Development|x64
		{1B3E715B-0CA0-4198-9704-B4B99D177098}.Debug|x86.Build.0 = Release Development|x64
		{1B3E715B-0CA0-4198-9704-B4B99D177098}.Debug|x86.Deploy.0 = Release Development|x64
		{1B3E715B-0CA0-4198-9704-B4B99D177098}.Release Development|x64.ActiveCfg = Release Development|x64
		{1B3E715B-0CA0-4198-9704-B4B99D177098}.Release Development|x64.Build.0 = Release Development|x64
		{1B3E715B-0CA0-4198-9704-B4B99D177098}.Release Development|x86.ActiveCfg = Release Development|x64
		{1B3E715B-0CA0-4198-9704-B4B99D177098}.Release|x64.ActiveCfg = Release Development|x64
		{1B3E715B-0CA0-4198-9704-B4B99D177098}.Release|x64.Build.0 = Release Development|x64
		{1B3E715B-0CA0-4198-9704-B4B99D177098}.Release|x64.Deploy.0 = Release Development|x64
		{1B3E715B-0CA0-4198-9704-B4B99D177098}.Release|x86.ActiveCfg = Release Development|x64
		{1B3E715B-0CA0-4198-9704-B4B99D177098}.Release|x86.Build.0 = Release Development|x64
		{1B3E715B-0CA0-4198-9704-B4B99D177098}.Release|x86.Deploy.0 = Release Development|x64
		{23AA1CE0-28E5-4DBC-A239-520A2E6AB4DC}.Debug Development|x64.ActiveCfg = Debug Development|x64
		{23AA1CE0-28E5-4DBC-A239-520A2E6AB4DC}.Debug Development|x64.Build.0 = Debug Development|x64
		{23AA1CE0-28E5-4DBC-A239-520A2E6AB4DC}.Debug Development|x86.ActiveCfg = Debug Development|x64
		{23AA1CE0-28E5-4DBC-A239-520A2E6AB4DC}.Debug|x64.ActiveCfg = Debug Development|x64
		{23AA1CE0-28E5-4DBC-A239-520A2E6AB4DC}.Debug|x64.Build.0 = Debug Development|x64
		{23AA1CE0-28E5-4DBC-A239-520A2E6AB4DC}.Debug|x64.Deploy.0 = Debug Development|x64
		{23AA1CE0-28E5-4DBC-A239-520A2E6AB4DC}.Debug|x86.ActiveCfg = Release Development|x64
		{23AA1CE0-28E5-4DBC-A239-520A2E6AB4DC}.Debug|x86.Build.0 = Release Development|x64
		{23AA1CE0-28E5-4DBC-A239-520A2E6AB4DC}.Debug|x86.Deploy.0 = Release Development|x64
		{23AA1CE0-28E5-4DBC-A239-520A2E6AB4DC}.Release Development|x64.ActiveCfg = Release Development|x64
		{23AA1CE0-28E5-4DBC-A239-520A2E6AB4DC}.Release Development|x64.Build.0 = Release Development|x64
		{23AA1CE0-28E5-4DBC-A239-520A2E6AB4DC}.Release Development|x86.ActiveCfg = Release Development|x64
		{23AA1CE0-28E5-4DBC-A239-520A2E6AB4DC}.Release|x64.ActiveCfg = Release Development|x64
		{23AA1CE0-28E5-4DBC-A239-520A2E6AB4DC}.Release|x64.Build.0 = Release Development|x64
		{23AA1CE0-28E5-4DBC-A239-520A2E6AB4DC}.Release|x64.Deploy.0 = Release Development|x64
		{23AA1CE0-28E5-4DBC-A239-520A2E6AB4DC}.Release|x86.ActiveCfg = Release Development|x64
		{23AA1CE0-28E5-4DBC-A239-520A2E6AB4DC}.Release|x86.Build.0 = Release Development|x64
		{23AA1CE0-28E5-4DBC-A239-520A2E6AB4DC}.Release|x86.Deploy.0 = Release Development|x64
	EndGlobalSection
	GlobalSection(SolutionProperties) = preSolution
		HideSolutionNode = FALSE
	EndGlobalSection
	GlobalSection(NestedProjects) = preSolution
		{7B98D68C-DF08-4548-BB01-2ECBD984CAE5} = {14F47720-E8D4-496B-8E11-88D8071428C0}
		{777BA9A7-027E-4E8D-876C-13810B1654E6} = {14F47720-E8D4-496B-8E11-88D8071428C0}
		{1B3E715B-0CA0-4198-9704-B4B99D177098} = {7EDA3C03-AFF1-4A4E-A60D-262633D125A9}
		{23AA1CE0-28E5-4DBC-A239-520A2E6AB4DC} = {7EDA3C03-AFF1-4A4E-A60D-262633D125A9}
	EndGlobalSection
	GlobalSection(ExtensibilityGlobals) = postSolution
		SolutionGuid = {917F9AA8-8AF7-4771-A599-EA0C3E2247E5}
	EndGlobalSection
EndGlobal
